
Microsoft Visual Studio Solution File, Format Version 12.00
# Visual Studio Version 16
VisualStudioVersion = 16.0.29403.142
MinimumVisualStudioVersion = 10.0.40219.1
Project("{2150E333-8FDC-42A3-9474-1A3956D46DE8}") = "Web", "Web", "{823F178C-8B80-4E66-B1A0-DF86EA6BFA46}"
EndProject
Project("{2150E333-8FDC-42A3-9474-1A3956D46DE8}") = "Data", "Data", "{80E2C642-A5BB-4DA5-8786-20DD5AA5B7D3}"
EndProject
Project("{9A19103F-16F7-4668-BE54-9A1E7A4F7556}") = "Sport.Data", "Sport.Data\Sport.Data.csproj", "{4505E801-26A6-4769-B3A9-17603822C60B}"
EndProject
Project("{2150E333-8FDC-42A3-9474-1A3956D46DE8}") = "Domain", "Domain", "{0681BA8A-00F2-4297-84B0-C070F43A2894}"
EndProject
Project("{9A19103F-16F7-4668-BE54-9A1E7A4F7556}") = "Sport.Domain", "Sport.Domain\Sport.Domain.csproj", "{D1083098-DB2F-49E0-BECA-B4BE935AEB99}"
EndProject
Project("{9A19103F-16F7-4668-BE54-9A1E7A4F7556}") = "Sport.Web", "Sport.Web\Sport.Web.csproj", "{CD90216F-0C23-45BF-9118-7F762592E45A}"
EndProject
Project("{2150E333-8FDC-42A3-9474-1A3956D46DE8}") = "Models", "Models", "{FDB4D26F-5C53-45CE-B424-0DA34043E8FB}"
EndProject
Project("{9A19103F-16F7-4668-BE54-9A1E7A4F7556}") = "Sport.ViewModels", "Sport.Models\Sport.ViewModels.csproj", "{4A4A8D53-F769-4211-9653-4C720F5883E4}"
EndProject
Project("{2150E333-8FDC-42A3-9474-1A3956D46DE8}") = "Services", "Services", "{C980B0C9-7E02-4F37-8F77-FA4C0A73919C}"
EndProject
Project("{9A19103F-16F7-4668-BE54-9A1E7A4F7556}") = "Sport.Services", "Sport.Services\Sport.Services.csproj", "{2F304F14-CFBC-4F04-BF09-9AC8AA29738E}"
EndProject
Project("{2150E333-8FDC-42A3-9474-1A3956D46DE8}") = "Common", "Common", "{4434195A-5514-405D-BFE2-E06BBE7DACAF}"
EndProject
Project("{9A19103F-16F7-4668-BE54-9A1E7A4F7556}") = "Profiles", "Profiles\Profiles.csproj", "{3A368792-A871-4B70-8F82-40C2E4C46F51}"
EndProject
Project("{2150E333-8FDC-42A3-9474-1A3956D46DE8}") = "Tests", "Tests", "{24D11AC3-9C7A-4A2A-9663-2CC9199D7BE5}"
EndProject
Project("{9A19103F-16F7-4668-BE54-9A1E7A4F7556}") = "Sport.Tests", "Sport.Tests\Sport.Tests.csproj", "{0D89FD12-C96E-4E64-B756-8F2A158FE79A}"
EndProject
Global
	GlobalSection(SolutionConfigurationPlatforms) = preSolution
		Debug|Any CPU = Debug|Any CPU
		Release|Any CPU = Release|Any CPU
	EndGlobalSection
	GlobalSection(ProjectConfigurationPlatforms) = postSolution
		{4505E801-26A6-4769-B3A9-17603822C60B}.Debug|Any CPU.ActiveCfg = Debug|Any CPU
		{4505E801-26A6-4769-B3A9-17603822C60B}.Debug|Any CPU.Build.0 = Debug|Any CPU
		{4505E801-26A6-4769-B3A9-17603822C60B}.Release|Any CPU.ActiveCfg = Release|Any CPU
		{4505E801-26A6-4769-B3A9-17603822C60B}.Release|Any CPU.Build.0 = Release|Any CPU
		{D1083098-DB2F-49E0-BECA-B4BE935AEB99}.Debug|Any CPU.ActiveCfg = Debug|Any CPU
		{D1083098-DB2F-49E0-BECA-B4BE935AEB99}.Debug|Any CPU.Build.0 = Debug|Any CPU
		{D1083098-DB2F-49E0-BECA-B4BE935AEB99}.Release|Any CPU.ActiveCfg = Release|Any CPU
		{D1083098-DB2F-49E0-BECA-B4BE935AEB99}.Release|Any CPU.Build.0 = Release|Any CPU
		{CD90216F-0C23-45BF-9118-7F762592E45A}.Debug|Any CPU.ActiveCfg = Debug|Any CPU
		{CD90216F-0C23-45BF-9118-7F762592E45A}.Debug|Any CPU.Build.0 = Debug|Any CPU
		{CD90216F-0C23-45BF-9118-7F762592E45A}.Release|Any CPU.ActiveCfg = Release|Any CPU
		{CD90216F-0C23-45BF-9118-7F762592E45A}.Release|Any CPU.Build.0 = Release|Any CPU
		{4A4A8D53-F769-4211-9653-4C720F5883E4}.Debug|Any CPU.ActiveCfg = Debug|Any CPU
		{4A4A8D53-F769-4211-9653-4C720F5883E4}.Debug|Any CPU.Build.0 = Debug|Any CPU
		{4A4A8D53-F769-4211-9653-4C720F5883E4}.Release|Any CPU.ActiveCfg = Release|Any CPU
		{4A4A8D53-F769-4211-9653-4C720F5883E4}.Release|Any CPU.Build.0 = Release|Any CPU
		{2F304F14-CFBC-4F04-BF09-9AC8AA29738E}.Debug|Any CPU.ActiveCfg = Debug|Any CPU
		{2F304F14-CFBC-4F04-BF09-9AC8AA29738E}.Debug|Any CPU.Build.0 = Debug|Any CPU
		{2F304F14-CFBC-4F04-BF09-9AC8AA29738E}.Release|Any CPU.ActiveCfg = Release|Any CPU
		{2F304F14-CFBC-4F04-BF09-9AC8AA29738E}.Release|Any CPU.Build.0 = Release|Any CPU
		{3A368792-A871-4B70-8F82-40C2E4C46F51}.Debug|Any CPU.ActiveCfg = Debug|Any CPU
		{3A368792-A871-4B70-8F82-40C2E4C46F51}.Debug|Any CPU.Build.0 = Debug|Any CPU
		{3A368792-A871-4B70-8F82-40C2E4C46F51}.Release|Any CPU.ActiveCfg = Release|Any CPU
		{3A368792-A871-4B70-8F82-40C2E4C46F51}.Release|Any CPU.Build.0 = Release|Any CPU
		{0D89FD12-C96E-4E64-B756-8F2A158FE79A}.Debug|Any CPU.ActiveCfg = Debug|Any CPU
		{0D89FD12-C96E-4E64-B756-8F2A158FE79A}.Debug|Any CPU.Build.0 = Debug|Any CPU
		{0D89FD12-C96E-4E64-B756-8F2A158FE79A}.Release|Any CPU.ActiveCfg = Release|Any CPU
		{0D89FD12-C96E-4E64-B756-8F2A158FE79A}.Release|Any CPU.Build.0 = Release|Any CPU
	EndGlobalSection
	GlobalSection(SolutionProperties) = preSolution
		HideSolutionNode = FALSE
	EndGlobalSection
	GlobalSection(NestedProjects) = preSolution
		{4505E801-26A6-4769-B3A9-17603822C60B} = {80E2C642-A5BB-4DA5-8786-20DD5AA5B7D3}
		{D1083098-DB2F-49E0-BECA-B4BE935AEB99} = {0681BA8A-00F2-4297-84B0-C070F43A2894}
		{CD90216F-0C23-45BF-9118-7F762592E45A} = {823F178C-8B80-4E66-B1A0-DF86EA6BFA46}
		{4A4A8D53-F769-4211-9653-4C720F5883E4} = {FDB4D26F-5C53-45CE-B424-0DA34043E8FB}
		{2F304F14-CFBC-4F04-BF09-9AC8AA29738E} = {C980B0C9-7E02-4F37-8F77-FA4C0A73919C}
		{3A368792-A871-4B70-8F82-40C2E4C46F51} = {4434195A-5514-405D-BFE2-E06BBE7DACAF}
		{0D89FD12-C96E-4E64-B756-8F2A158FE79A} = {24D11AC3-9C7A-4A2A-9663-2CC9199D7BE5}
	EndGlobalSection
	GlobalSection(ExtensibilityGlobals) = postSolution
		SolutionGuid = {C4E130F3-970C-4A33-82B2-85607829C78B}
	EndGlobalSection
EndGlobal
